
Microsoft Visual Studio Solution File, Format Version 12.00
# Visual Studio Version 17
VisualStudioVersion = 17.4.33213.308
MinimumVisualStudioVersion = 10.0.40219.1
Project("{FAE04EC0-301F-11D3-BF4B-00C04F79EFBC}") = "WebApi", "WebApi\WebApi.csproj", "{D682AFBB-2297-4CBA-88BC-C1F891EF40A4}"
EndProject
Project("{FAE04EC0-301F-11D3-BF4B-00C04F79EFBC}") = "WebApp", "WebApp\WebApp.csproj", "{7C55702D-A37F-43DB-9276-8573CC35EFFC}"
EndProject
Project("{E53339B2-1760-4266-BCC7-CA923CBCF16C}") = "docker-compose", "docker-compose.dcproj", "{F9223005-27C7-4768-BE1D-22E021505D48}"
EndProject
Global
	GlobalSection(SolutionConfigurationPlatforms) = preSolution
		Debug|Any CPU = Debug|Any CPU
		Release|Any CPU = Release|Any CPU
	EndGlobalSection
	GlobalSection(ProjectConfigurationPlatforms) = postSolution
		{D682AFBB-2297-4CBA-88BC-C1F891EF40A4}.Debug|Any CPU.ActiveCfg = Debug|Any CPU
		{D682AFBB-2297-4CBA-88BC-C1F891EF40A4}.Debug|Any CPU.Build.0 = Debug|Any CPU
		{D682AFBB-2297-4CBA-88BC-C1F891EF40A4}.Release|Any CPU.ActiveCfg = Release|Any CPU
		{D682AFBB-2297-4CBA-88BC-C1F891EF40A4}.Release|Any CPU.Build.0 = Release|Any CPU
		{7C55702D-A37F-43DB-9276-8573CC35EFFC}.Debug|Any CPU.ActiveCfg = Debug|Any CPU
		{7C55702D-A37F-43DB-9276-8573CC35EFFC}.Debug|Any CPU.Build.0 = Debug|Any CPU
		{7C55702D-A37F-43DB-9276-8573CC35EFFC}.Release|Any CPU.ActiveCfg = Release|Any CPU
		{7C55702D-A37F-43DB-9276-8573CC35EFFC}.Release|Any CPU.Build.0 = Release|Any CPU
		{F9223005-27C7-4768-BE1D-22E021505D48}.Debug|Any CPU.ActiveCfg = Debug|Any CPU
		{F9223005-27C7-4768-BE1D-22E021505D48}.Debug|Any CPU.Build.0 = Debug|Any CPU
		{F9223005-27C7-4768-BE1D-22E021505D48}.Release|Any CPU.ActiveCfg = Release|Any CPU
		{F9223005-27C7-4768-BE1D-22E021505D48}.Release|Any CPU.Build.0 = Release|Any CPU
	EndGlobalSection
	GlobalSection(SolutionProperties) = preSolution
		HideSolutionNode = FALSE
	EndGlobalSection
	GlobalSection(ExtensibilityGlobals) = postSolution
		SolutionGuid = {72D3AC83-B968-4F8C-8807-AEE2F6B377AF}
	EndGlobalSection
EndGlobal
